
Microsoft Visual Studio Solution File, Format Version 12.00
# Visual Studio 14
VisualStudioVersion = 14.0.25123.0
MinimumVisualStudioVersion = 10.0.40219.1
Project("{FAE04EC0-301F-11D3-BF4B-00C04F79EFBC}") = "TwitchChat", "TwitchChat\TwitchChat.csproj", "{790942E7-93D2-4297-AB1A-290E5BFB4FF8}"
EndProject
Project("{FAE04EC0-301F-11D3-BF4B-00C04F79EFBC}") = "TwitchApi", "TwitchApi\TwitchApi.csproj", "{CF15D97A-D0B5-4C4F-8F15-9AB6BAE5EC59}"
EndProject
Project("{FAE04EC0-301F-11D3-BF4B-00C04F79EFBC}") = "VkApi", "VkApi\VkApi.csproj", "{9E1C9CE7-E1EA-4644-9517-DF4D06FA3F18}"
EndProject
Project("{FAE04EC0-301F-11D3-BF4B-00C04F79EFBC}") = "RestClientHelper", "RestClientHelper\RestClientHelper.csproj", "{10A2C777-9BBF-4E12-ADC8-71A1BBEA2550}"
EndProject
Project("{FAE04EC0-301F-11D3-BF4B-00C04F79EFBC}") = "SteamKit2", "SteamKit\SteamKit2\SteamKit2\SteamKit2.csproj", "{BEB5BF07-BB56-402A-97A3-A41C6444C6A5}"
EndProject
Project("{FAE04EC0-301F-11D3-BF4B-00C04F79EFBC}") = "DotaClient", "DotaClient\DotaClient.csproj", "{BE3021D8-2A45-418C-AABE-877B3B01D746}"
EndProject
Project("{FAE04EC0-301F-11D3-BF4B-00C04F79EFBC}") = "Twitchiedll", "Twitchie\Twitchiedll\Twitchiedll.csproj", "{1FA9EAFF-12AC-4FB2-8013-770E6904E6DE}"
EndProject
Project("{FAE04EC0-301F-11D3-BF4B-00C04F79EFBC}") = "CommonHelper", "CommonHelper\CommonHelper.csproj", "{50E9E3B8-177F-470C-A0D7-E564C79D8143}"
EndProject
Project("{FAE04EC0-301F-11D3-BF4B-00C04F79EFBC}") = "Tests", "Tests\Tests.csproj", "{1EDA606E-0675-4769-9007-34F471C977B8}"
EndProject
Project("{FAE04EC0-301F-11D3-BF4B-00C04F79EFBC}") = "Domain", "Domain\Domain.csproj", "{B1C47748-249C-4C5F-A6B4-0537BBEE8EC4}"
EndProject
Project("{FAE04EC0-301F-11D3-BF4B-00C04F79EFBC}") = "Configuration", "Configuration\Configuration.csproj", "{7BD66010-5039-4D8F-B3F3-C2547605E334}"
EndProject
Global
	GlobalSection(SolutionConfigurationPlatforms) = preSolution
		Debug|Any CPU = Debug|Any CPU
		Debug|x86 = Debug|x86
		Release|Any CPU = Release|Any CPU
		Release|x86 = Release|x86
	EndGlobalSection
	GlobalSection(ProjectConfigurationPlatforms) = postSolution
		{790942E7-93D2-4297-AB1A-290E5BFB4FF8}.Debug|Any CPU.ActiveCfg = Debug|Any CPU
		{790942E7-93D2-4297-AB1A-290E5BFB4FF8}.Debug|Any CPU.Build.0 = Debug|Any CPU
		{790942E7-93D2-4297-AB1A-290E5BFB4FF8}.Debug|x86.ActiveCfg = Debug|Any CPU
		{790942E7-93D2-4297-AB1A-290E5BFB4FF8}.Debug|x86.Build.0 = Debug|Any CPU
		{790942E7-93D2-4297-AB1A-290E5BFB4FF8}.Release|Any CPU.ActiveCfg = Release|Any CPU
		{790942E7-93D2-4297-AB1A-290E5BFB4FF8}.Release|Any CPU.Build.0 = Release|Any CPU
		{790942E7-93D2-4297-AB1A-290E5BFB4FF8}.Release|x86.ActiveCfg = Release|Any CPU
		{790942E7-93D2-4297-AB1A-290E5BFB4FF8}.Release|x86.Build.0 = Release|Any CPU
		{CF15D97A-D0B5-4C4F-8F15-9AB6BAE5EC59}.Debug|Any CPU.ActiveCfg = Debug|Any CPU
		{CF15D97A-D0B5-4C4F-8F15-9AB6BAE5EC59}.Debug|Any CPU.Build.0 = Debug|Any CPU
		{CF15D97A-D0B5-4C4F-8F15-9AB6BAE5EC59}.Debug|x86.ActiveCfg = Debug|Any CPU
		{CF15D97A-D0B5-4C4F-8F15-9AB6BAE5EC59}.Debug|x86.Build.0 = Debug|Any CPU
		{CF15D97A-D0B5-4C4F-8F15-9AB6BAE5EC59}.Release|Any CPU.ActiveCfg = Release|Any CPU
		{CF15D97A-D0B5-4C4F-8F15-9AB6BAE5EC59}.Release|Any CPU.Build.0 = Release|Any CPU
		{CF15D97A-D0B5-4C4F-8F15-9AB6BAE5EC59}.Release|x86.ActiveCfg = Release|Any CPU
		{CF15D97A-D0B5-4C4F-8F15-9AB6BAE5EC59}.Release|x86.Build.0 = Release|Any CPU
		{9E1C9CE7-E1EA-4644-9517-DF4D06FA3F18}.Debug|Any CPU.ActiveCfg = Debug|Any CPU
		{9E1C9CE7-E1EA-4644-9517-DF4D06FA3F18}.Debug|Any CPU.Build.0 = Debug|Any CPU
		{9E1C9CE7-E1EA-4644-9517-DF4D06FA3F18}.Debug|x86.ActiveCfg = Debug|Any CPU
		{9E1C9CE7-E1EA-4644-9517-DF4D06FA3F18}.Debug|x86.Build.0 = Debug|Any CPU
		{9E1C9CE7-E1EA-4644-9517-DF4D06FA3F18}.Release|Any CPU.ActiveCfg = Release|Any CPU
		{9E1C9CE7-E1EA-4644-9517-DF4D06FA3F18}.Release|Any CPU.Build.0 = Release|Any CPU
		{9E1C9CE7-E1EA-4644-9517-DF4D06FA3F18}.Release|x86.ActiveCfg = Release|Any CPU
		{9E1C9CE7-E1EA-4644-9517-DF4D06FA3F18}.Release|x86.Build.0 = Release|Any CPU
		{10A2C777-9BBF-4E12-ADC8-71A1BBEA2550}.Debug|Any CPU.ActiveCfg = Debug|Any CPU
		{10A2C777-9BBF-4E12-ADC8-71A1BBEA2550}.Debug|Any CPU.Build.0 = Debug|Any CPU
		{10A2C777-9BBF-4E12-ADC8-71A1BBEA2550}.Debug|x86.ActiveCfg = Debug|Any CPU
		{10A2C777-9BBF-4E12-ADC8-71A1BBEA2550}.Debug|x86.Build.0 = Debug|Any CPU
		{10A2C777-9BBF-4E12-ADC8-71A1BBEA2550}.Release|Any CPU.ActiveCfg = Release|Any CPU
		{10A2C777-9BBF-4E12-ADC8-71A1BBEA2550}.Release|Any CPU.Build.0 = Release|Any CPU
		{10A2C777-9BBF-4E12-ADC8-71A1BBEA2550}.Release|x86.ActiveCfg = Release|Any CPU
		{10A2C777-9BBF-4E12-ADC8-71A1BBEA2550}.Release|x86.Build.0 = Release|Any CPU
		{BEB5BF07-BB56-402A-97A3-A41C6444C6A5}.Debug|Any CPU.ActiveCfg = Debug|Any CPU
		{BEB5BF07-BB56-402A-97A3-A41C6444C6A5}.Debug|Any CPU.Build.0 = Debug|Any CPU
		{BEB5BF07-BB56-402A-97A3-A41C6444C6A5}.Debug|x86.ActiveCfg = Debug|Any CPU
		{BEB5BF07-BB56-402A-97A3-A41C6444C6A5}.Debug|x86.Build.0 = Debug|Any CPU
		{BEB5BF07-BB56-402A-97A3-A41C6444C6A5}.Release|Any CPU.ActiveCfg = Release|Any CPU
		{BEB5BF07-BB56-402A-97A3-A41C6444C6A5}.Release|Any CPU.Build.0 = Release|Any CPU
		{BEB5BF07-BB56-402A-97A3-A41C6444C6A5}.Release|x86.ActiveCfg = Release|Any CPU
		{BEB5BF07-BB56-402A-97A3-A41C6444C6A5}.Release|x86.Build.0 = Release|Any CPU
		{BE3021D8-2A45-418C-AABE-877B3B01D746}.Debug|Any CPU.ActiveCfg = Debug|Any CPU
		{BE3021D8-2A45-418C-AABE-877B3B01D746}.Debug|Any CPU.Build.0 = Debug|Any CPU
		{BE3021D8-2A45-418C-AABE-877B3B01D746}.Debug|x86.ActiveCfg = Debug|Any CPU
		{BE3021D8-2A45-418C-AABE-877B3B01D746}.Debug|x86.Build.0 = Debug|Any CPU
		{BE3021D8-2A45-418C-AABE-877B3B01D746}.Release|Any CPU.ActiveCfg = Release|Any CPU
		{BE3021D8-2A45-418C-AABE-877B3B01D746}.Release|Any CPU.Build.0 = Release|Any CPU
		{BE3021D8-2A45-418C-AABE-877B3B01D746}.Release|x86.ActiveCfg = Release|Any CPU
		{BE3021D8-2A45-418C-AABE-877B3B01D746}.Release|x86.Build.0 = Release|Any CPU
		{1FA9EAFF-12AC-4FB2-8013-770E6904E6DE}.Debug|Any CPU.ActiveCfg = Debug|Any CPU
		{1FA9EAFF-12AC-4FB2-8013-770E6904E6DE}.Debug|Any CPU.Build.0 = Debug|Any CPU
		{1FA9EAFF-12AC-4FB2-8013-770E6904E6DE}.Debug|x86.ActiveCfg = Debug|Any CPU
		{1FA9EAFF-12AC-4FB2-8013-770E6904E6DE}.Debug|x86.Build.0 = Debug|Any CPU
		{1FA9EAFF-12AC-4FB2-8013-770E6904E6DE}.Release|Any CPU.ActiveCfg = Release|Any CPU
		{1FA9EAFF-12AC-4FB2-8013-770E6904E6DE}.Release|Any CPU.Build.0 = Release|Any CPU
		{1FA9EAFF-12AC-4FB2-8013-770E6904E6DE}.Release|x86.ActiveCfg = Release|Any CPU
		{1FA9EAFF-12AC-4FB2-8013-770E6904E6DE}.Release|x86.Build.0 = Release|Any CPU
		{50E9E3B8-177F-470C-A0D7-E564C79D8143}.Debug|Any CPU.ActiveCfg = Debug|Any CPU
		{50E9E3B8-177F-470C-A0D7-E564C79D8143}.Debug|Any CPU.Build.0 = Debug|Any CPU
		{50E9E3B8-177F-470C-A0D7-E564C79D8143}.Debug|x86.ActiveCfg = Debug|Any CPU
		{50E9E3B8-177F-470C-A0D7-E564C79D8143}.Debug|x86.Build.0 = Debug|Any CPU
		{50E9E3B8-177F-470C-A0D7-E564C79D8143}.Release|Any CPU.ActiveCfg = Release|Any CPU
		{50E9E3B8-177F-470C-A0D7-E564C79D8143}.Release|Any CPU.Build.0 = Release|Any CPU
		{50E9E3B8-177F-470C-A0D7-E564C79D8143}.Release|x86.ActiveCfg = Release|Any CPU
		{50E9E3B8-177F-470C-A0D7-E564C79D8143}.Release|x86.Build.0 = Release|Any CPU
		{1EDA606E-0675-4769-9007-34F471C977B8}.Debug|Any CPU.ActiveCfg = Debug|Any CPU
		{1EDA606E-0675-4769-9007-34F471C977B8}.Debug|Any CPU.Build.0 = Debug|Any CPU
		{1EDA606E-0675-4769-9007-34F471C977B8}.Debug|x86.ActiveCfg = Debug|Any CPU
		{1EDA606E-0675-4769-9007-34F471C977B8}.Debug|x86.Build.0 = Debug|Any CPU
		{1EDA606E-0675-4769-9007-34F471C977B8}.Release|Any CPU.ActiveCfg = Release|Any CPU
		{1EDA606E-0675-4769-9007-34F471C977B8}.Release|Any CPU.Build.0 = Release|Any CPU
		{1EDA606E-0675-4769-9007-34F471C977B8}.Release|x86.ActiveCfg = Release|Any CPU
		{1EDA606E-0675-4769-9007-34F471C977B8}.Release|x86.Build.0 = Release|Any CPU
		{B1C47748-249C-4C5F-A6B4-0537BBEE8EC4}.Debug|Any CPU.ActiveCfg = Debug|Any CPU
		{B1C47748-249C-4C5F-A6B4-0537BBEE8EC4}.Debug|Any CPU.Build.0 = Debug|Any CPU
		{B1C47748-249C-4C5F-A6B4-0537BBEE8EC4}.Debug|x86.ActiveCfg = Debug|Any CPU
		{B1C47748-249C-4C5F-A6B4-0537BBEE8EC4}.Debug|x86.Build.0 = Debug|Any CPU
		{B1C47748-249C-4C5F-A6B4-0537BBEE8EC4}.Release|Any CPU.ActiveCfg = Release|Any CPU
		{B1C47748-249C-4C5F-A6B4-0537BBEE8EC4}.Release|Any CPU.Build.0 = Release|Any CPU
		{B1C47748-249C-4C5F-A6B4-0537BBEE8EC4}.Release|x86.ActiveCfg = Release|Any CPU
		{B1C47748-249C-4C5F-A6B4-0537BBEE8EC4}.Release|x86.Build.0 = Release|Any CPU
		{7BD66010-5039-4D8F-B3F3-C2547605E334}.Debug|Any CPU.ActiveCfg = Debug|Any CPU
		{7BD66010-5039-4D8F-B3F3-C2547605E334}.Debug|Any CPU.Build.0 = Debug|Any CPU
		{7BD66010-5039-4D8F-B3F3-C2547605E334}.Debug|x86.ActiveCfg = Debug|Any CPU
		{7BD66010-5039-4D8F-B3F3-C2547605E334}.Debug|x86.Build.0 = Debug|Any CPU
		{7BD66010-5039-4D8F-B3F3-C2547605E334}.Release|Any CPU.ActiveCfg = Release|Any CPU
		{7BD66010-5039-4D8F-B3F3-C2547605E334}.Release|Any CPU.Build.0 = Release|Any CPU
		{7BD66010-5039-4D8F-B3F3-C2547605E334}.Release|x86.ActiveCfg = Release|Any CPU
		{7BD66010-5039-4D8F-B3F3-C2547605E334}.Release|x86.Build.0 = Release|Any CPU
	EndGlobalSection
	GlobalSection(SolutionProperties) = preSolution
		HideSolutionNode = FALSE
	EndGlobalSection
EndGlobal
